hash: c74e382bf7007d4387f2d6e577d5fe9700288f667d22c37850e9e95a64a0d735
updated: 2019-09-09T21:18:51.209321-04:00
imports:
- name: github.com/google/logger
  version: 03bdf7bcb2c4d98c8fdbf62f1473fb1303ca1c1d
- name: github.com/kthomas/go-logger
  version: 01c36065851341304751234b081327cf58728dba
- name: github.com/vincent-petithory/dataurl
  version: 9a301d65acbb728fcc3ace14f45f511a4cfeea9c
- name: golang.org/x/sys
  version: 04f50cda93cbb67f2afa353c52f342100e80e625
  subpackages:
  - windows
  - windows/registry
  - windows/svc/eventlog
testImports: []
